
Microsoft Visual Studio Solution File, Format Version 12.00
# Visual Studio Version 17
VisualStudioVersion = 17.0.32014.148
MinimumVisualStudioVersion = 10.0.40219.1
Project("{FAE04EC0-301F-11D3-BF4B-00C04F79EFBC}") = "ex13", "ex13\ex13.csproj", "{7290EB86-0C96-4FE1-A8CB-87B012DAE636}"
EndProject
Global
	GlobalSection(SolutionConfigurationPlatforms) = preSolution
		Debug|Any CPU = Debug|Any CPU
		Release|Any CPU = Release|Any CPU
	EndGlobalSection
	GlobalSection(ProjectConfigurationPlatforms) = postSolution
		{7290EB86-0C96-4FE1-A8CB-87B012DAE636}.Debug|Any CPU.ActiveCfg = Debug|Any CPU
		{7290EB86-0C96-4FE1-A8CB-87B012DAE636}.Debug|Any CPU.Build.0 = Debug|Any CPU
		{7290EB86-0C96-4FE1-A8CB-87B012DAE636}.Release|Any CPU.ActiveCfg = Release|Any CPU
		{7290EB86-0C96-4FE1-A8CB-87B012DAE636}.Release|Any CPU.Build.0 = Release|Any CPU
	EndGlobalSection
	GlobalSection(SolutionProperties) = preSolution
		HideSolutionNode = FALSE
	EndGlobalSection
	GlobalSection(ExtensibilityGlobals) = postSolution
		SolutionGuid = {F19EE2E1-2DE0-4DD0-9BD1-1836E771296C}
	EndGlobalSection
EndGlobal
