
Microsoft Visual Studio Solution File, Format Version 12.00
# Visual Studio Version 17
VisualStudioVersion = 17.0.32014.148
MinimumVisualStudioVersion = 10.0.40219.1
Project("{FAE04EC0-301F-11D3-BF4B-00C04F79EFBC}") = "ex4", "ex4\ex4.csproj", "{A2A11A5E-B663-4E50-AD70-79A6563DE48D}"
EndProject
Global
	GlobalSection(SolutionConfigurationPlatforms) = preSolution
		Debug|Any CPU = Debug|Any CPU
		Release|Any CPU = Release|Any CPU
	EndGlobalSection
	GlobalSection(ProjectConfigurationPlatforms) = postSolution
		{A2A11A5E-B663-4E50-AD70-79A6563DE48D}.Debug|Any CPU.ActiveCfg = Debug|Any CPU
		{A2A11A5E-B663-4E50-AD70-79A6563DE48D}.Debug|Any CPU.Build.0 = Debug|Any CPU
		{A2A11A5E-B663-4E50-AD70-79A6563DE48D}.Release|Any CPU.ActiveCfg = Release|Any CPU
		{A2A11A5E-B663-4E50-AD70-79A6563DE48D}.Release|Any CPU.Build.0 = Release|Any CPU
	EndGlobalSection
	GlobalSection(SolutionProperties) = preSolution
		HideSolutionNode = FALSE
	EndGlobalSection
	GlobalSection(ExtensibilityGlobals) = postSolution
		SolutionGuid = {29DA45AE-322E-4071-A9A9-AF4B59B6DC91}
	EndGlobalSection
EndGlobal
